
Microsoft Visual Studio Solution File, Format Version 12.00
# Visual Studio Version 17
VisualStudioVersion = 17.1.32210.238
MinimumVisualStudioVersion = 10.0.40219.1
Project("{FAE04EC0-301F-11D3-BF4B-00C04F79EFBC}") = "ZhuRui0516", "ZhuRui0516.csproj", "{4DBC3F65-CF3D-4D9A-A5BD-C4531F4433D4}"
EndProject
Project("{FAE04EC0-301F-11D3-BF4B-00C04F79EFBC}") = "W1HW2App", "..\W1HW2App\W1HW2App.csproj", "{3D57F34C-4CCA-4008-82BD-87315C1FCFAD}"
EndProject
Project("{FAE04EC0-301F-11D3-BF4B-00C04F79EFBC}") = "W1HW3App", "..\W1HW3App\W1HW3App.csproj", "{23844DB9-BCA1-4AA9-8F11-629C3AE5E262}"
EndProject
Global
	GlobalSection(SolutionConfigurationPlatforms) = preSolution
		Debug|Any CPU = Debug|Any CPU
		Release|Any CPU = Release|Any CPU
	EndGlobalSection
	GlobalSection(ProjectConfigurationPlatforms) = postSolution
		{4DBC3F65-CF3D-4D9A-A5BD-C4531F4433D4}.Debug|Any CPU.ActiveCfg = Debug|Any CPU
		{4DBC3F65-CF3D-4D9A-A5BD-C4531F4433D4}.Debug|Any CPU.Build.0 = Debug|Any CPU
		{4DBC3F65-CF3D-4D9A-A5BD-C4531F4433D4}.Release|Any CPU.ActiveCfg = Release|Any CPU
		{4DBC3F65-CF3D-4D9A-A5BD-C4531F4433D4}.Release|Any CPU.Build.0 = Release|Any CPU
		{3D57F34C-4CCA-4008-82BD-87315C1FCFAD}.Debug|Any CPU.ActiveCfg = Debug|Any CPU
		{3D57F34C-4CCA-4008-82BD-87315C1FCFAD}.Debug|Any CPU.Build.0 = Debug|Any CPU
		{3D57F34C-4CCA-4008-82BD-87315C1FCFAD}.Release|Any CPU.ActiveCfg = Release|Any CPU
		{3D57F34C-4CCA-4008-82BD-87315C1FCFAD}.Release|Any CPU.Build.0 = Release|Any CPU
		{23844DB9-BCA1-4AA9-8F11-629C3AE5E262}.Debug|Any CPU.ActiveCfg = Debug|Any CPU
		{23844DB9-BCA1-4AA9-8F11-629C3AE5E262}.Debug|Any CPU.Build.0 = Debug|Any CPU
		{23844DB9-BCA1-4AA9-8F11-629C3AE5E262}.Release|Any CPU.ActiveCfg = Release|Any CPU
		{23844DB9-BCA1-4AA9-8F11-629C3AE5E262}.Release|Any CPU.Build.0 = Release|Any CPU
	EndGlobalSection
	GlobalSection(SolutionProperties) = preSolution
		HideSolutionNode = FALSE
	EndGlobalSection
	GlobalSection(ExtensibilityGlobals) = postSolution
		SolutionGuid = {D6DB4B67-7F61-4554-BDD0-52F8AA404158}
	EndGlobalSection
EndGlobal
